// !$*UTF8*$!
{
	archiveVersion = 1;
	classes = {
	};
	objectVersion = 56;
	objects = {

/* Begin PBXBuildFile section */
		261FC3E529090A8E00B9D4DB /* hall_ownerApp.swift in Sources */ = {isa = PBXBuildFile; fileRef = 261FC3E429090A8E00B9D4DB /* hall_ownerApp.swift */; };
		261FC3E729090A8E00B9D4DB /* ContentView.swift in Sources */ = {isa = PBXBuildFile; fileRef = 261FC3E629090A8E00B9D4DB /* ContentView.swift */; };
		261FC3E929090A8F00B9D4DB /* Assets.xcassets in Resources */ = {isa = PBXBuildFile; fileRef = 261FC3E829090A8F00B9D4DB /* Assets.xcassets */; };
		261FC3EC29090A8F00B9D4DB /* Preview Assets.xcassets in Resources */ = {isa = PBXBuildFile; fileRef = 261FC3EB29090A8F00B9D4DB /* Preview Assets.xcassets */; };
		261FC3F629090A8F00B9D4DB /* hall_ownerTests.swift in Sources */ = {isa = PBXBuildFile; fileRef = 261FC3F529090A8F00B9D4DB /* hall_ownerTests.swift */; };
		261FC40029090A8F00B9D4DB /* hall_ownerUITests.swift in Sources */ = {isa = PBXBuildFile; fileRef = 261FC3FF29090A8F00B9D4DB /* hall_ownerUITests.swift */; };
		261FC40229090A8F00B9D4DB /* hall_ownerUITestsLaunchTests.swift in Sources */ = {isa = PBXBuildFile; fileRef = 261FC40129090A8F00B9D4DB /* hall_ownerUITestsLaunchTests.swift */; };
		261FC44529091F2B00B9D4DB /* Tab.swift in Sources */ = {isa = PBXBuildFile; fileRef = 261FC44429091F2B00B9D4DB /* Tab.swift */; };
		26B84CD7290A566500A6B503 /* Edit my hall.swift in Sources */ = {isa = PBXBuildFile; fileRef = 26B84CD6290A566500A6B503 /* Edit my hall.swift */; };
/* End PBXBuildFile section */

/* Begin PBXContainerItemProxy section */
		261FC3F229090A8F00B9D4DB /* PBXContainerItemProxy */ = {
			isa = PBXContainerItemProxy;
			containerPortal = 261FC3D929090A8E00B9D4DB /* Project object */;
			proxyType = 1;
			remoteGlobalIDString = 261FC3E029090A8E00B9D4DB;
			remoteInfo = "hall owner";
		};
		261FC3FC29090A8F00B9D4DB /* PBXContainerItemProxy */ = {
			isa = PBXContainerItemProxy;
			containerPortal = 261FC3D929090A8E00B9D4DB /* Project object */;
			proxyType = 1;
			remoteGlobalIDString = 261FC3E029090A8E00B9D4DB;
			remoteInfo = "hall owner";
		};
/* End PBXContainerItemProxy section */

/* Begin PBXFileReference section */
		261FC3E129090A8E00B9D4DB /* hall owner.app */ = {isa = PBXFileReference; explicitFileType = wrapper.application; includeInIndex = 0; path = "hall owner.app"; sourceTree = BUILT_PRODUCTS_DIR; };
		261FC3E429090A8E00B9D4DB /* hall_ownerApp.swift */ = {isa = PBXFileReference; lastKnownFileType = sourcecode.swift; path = hall_ownerApp.swift; sourceTree = "<group>"; };
		261FC3E629090A8E00B9D4DB /* ContentView.swift */ = {isa = PBXFileReference; lastKnownFileType = sourcecode.swift; path = ContentView.swift; sourceTree = "<group>"; };
		261FC3E829090A8F00B9D4DB /* Assets.xcassets */ = {isa = PBXFileReference; lastKnownFileType = folder.assetcatalog; path = Assets.xcassets; sourceTree = "<group>"; };
		261FC3EB29090A8F00B9D4DB /* Preview Assets.xcassets */ = {isa = PBXFileReference; lastKnownFileType = folder.assetcatalog; path = "Preview Assets.xcassets"; sourceTree = "<group>"; };
		261FC3F129090A8F00B9D4DB /* hall ownerTests.xctest */ = {isa = PBXFileReference; explicitFileType = wrapper.cfbundle; includeInIndex = 0; path = "hall ownerTests.xctest"; sourceTree = BUILT_PRODUCTS_DIR; };
		261FC3F529090A8F00B9D4DB /* hall_ownerTests.swift */ = {isa = PBXFileReference; lastKnownFileType = sourcecode.swift; path = hall_ownerTests.swift; sourceTree = "<group>"; };
		261FC3FB29090A8F00B9D4DB /* hall ownerUITests.xctest */ = {isa = PBXFileReference; explicitFileType = wrapper.cfbundle; includeInIndex = 0; path = "hall ownerUITests.xctest"; sourceTree = BUILT_PRODUCTS_DIR; };
		261FC3FF29090A8F00B9D4DB /* hall_ownerUITests.swift */ = {isa = PBXFileReference; lastKnownFileType = sourcecode.swift; path = hall_ownerUITests.swift; sourceTree = "<group>"; };
		261FC40129090A8F00B9D4DB /* hall_ownerUITestsLaunchTests.swift */ = {isa = PBXFileReference; lastKnownFileType = sourcecode.swift; path = hall_ownerUITestsLaunchTests.swift; sourceTree = "<group>"; };
		261FC44429091F2B00B9D4DB /* Tab.swift */ = {isa = PBXFileReference; lastKnownFileType = sourcecode.swift; path = Tab.swift; sourceTree = "<group>"; };
		26B84CD6290A566500A6B503 /* Edit my hall.swift */ = {isa = PBXFileReference; lastKnownFileType = sourcecode.swift; path = "Edit my hall.swift"; sourceTree = "<group>"; };
/* End PBXFileReference section */

/* Begin PBXFrameworksBuildPhase section */
		261FC3DE29090A8E00B9D4DB /* Frameworks */ = {
			isa = PBXFrameworksBuildPhase;
			buildActionMask = 2147483647;
			files = (
			);
			runOnlyForDeploymentPostprocessing = 0;
		};
		261FC3EE29090A8F00B9D4DB /* Frameworks */ = {
			isa = PBXFrameworksBuildPhase;
			buildActionMask = 2147483647;
			files = (
			);
			runOnlyForDeploymentPostprocessing = 0;
		};
		261FC3F829090A8F00B9D4DB /* Frameworks */ = {
			isa = PBXFrameworksBuildPhase;
			buildActionMask = 2147483647;
			files = (
			);
			runOnlyForDeploymentPostprocessing = 0;
		};
/* End PBXFrameworksBuildPhase section */

/* Begin PBXGroup section */
		261FC3D829090A8E00B9D4DB = {
			isa = PBXGroup;
			children = (
				261FC3E329090A8E00B9D4DB /* hall owner */,
				261FC3F429090A8F00B9D4DB /* hall ownerTests */,
				261FC3FE29090A8F00B9D4DB /* hall ownerUITests */,
				261FC3E229090A8E00B9D4DB /* Products */,
			);
			sourceTree = "<group>";
		};
		261FC3E229090A8E00B9D4DB /* Products */ = {
			isa = PBXGroup;
			children = (
				261FC3E129090A8E00B9D4DB /* hall owner.app */,
				261FC3F129090A8F00B9D4DB /* hall ownerTests.xctest */,
				261FC3FB29090A8F00B9D4DB /* hall ownerUITests.xctest */,
			);
			name = Products;
			sourceTree = "<group>";
		};
		261FC3E329090A8E00B9D4DB /* hall owner */ = {
			isa = PBXGroup;
			children = (
				261FC3E429090A8E00B9D4DB /* hall_ownerApp.swift */,
				261FC3E629090A8E00B9D4DB /* ContentView.swift */,
				26B84CD6290A566500A6B503 /* Edit my hall.swift */,
				261FC44429091F2B00B9D4DB /* Tab.swift */,
				261FC3E829090A8F00B9D4DB /* Assets.xcassets */,
				261FC3EA29090A8F00B9D4DB /* Preview Content */,
			);
			path = "hall owner";
			sourceTree = "<group>";
		};
		261FC3EA29090A8F00B9D4DB /* Preview Content */ = {
			isa = PBXGroup;
			children = (
				261FC3EB29090A8F00B9D4DB /* Preview Assets.xcassets */,
			);
			path = "Preview Content";
			sourceTree = "<group>";
		};
		261FC3F429090A8F00B9D4DB /* hall ownerTests */ = {
			isa = PBXGroup;
			children = (
				261FC3F529090A8F00B9D4DB /* hall_ownerTests.swift */,
			);
			path = "hall ownerTests";
			sourceTree = "<group>";
		};
		261FC3FE29090A8F00B9D4DB /* hall ownerUITests */ = {
			isa = PBXGroup;
			children = (
				261FC3FF29090A8F00B9D4DB /* hall_ownerUITests.swift */,
				261FC40129090A8F00B9D4DB /* hall_ownerUITestsLaunchTests.swift */,
			);
			path = "hall ownerUITests";
			sourceTree = "<group>";
		};
/* End PBXGroup section */

/* Begin PBXNativeTarget section */
		261FC3E029090A8E00B9D4DB /* hall owner */ = {
			isa = PBXNativeTarget;
			buildConfigurationList = 261FC40529090A8F00B9D4DB /* Build configuration list for PBXNativeTarget "hall owner" */;
			buildPhases = (
				261FC3DD29090A8E00B9D4DB /* Sources */,
				261FC3DE29090A8E00B9D4DB /* Frameworks */,
				261FC3DF29090A8E00B9D4DB /* Resources */,
			);
			buildRules = (
			);
			dependencies = (
			);
			name = "hall owner";
			productName = "hall owner";
			productReference = 261FC3E129090A8E00B9D4DB /* hall owner.app */;
			productType = "com.apple.product-type.application";
		};
		261FC3F029090A8F00B9D4DB /* hall ownerTests */ = {
			isa = PBXNativeTarget;
			buildConfigurationList = 261FC40829090A8F00B9D4DB /* Build configuration list for PBXNativeTarget "hall ownerTests" */;
			buildPhases = (
				261FC3ED29090A8F00B9D4DB /* Sources */,
				261FC3EE29090A8F00B9D4DB /* Frameworks */,
				261FC3EF29090A8F00B9D4DB /* Resources */,
			);
			buildRules = (
			);
			dependencies = (
				261FC3F329090A8F00B9D4DB /* PBXTargetDependency */,
			);
			name = "hall ownerTests";
			productName = "hall ownerTests";
			productReference = 261FC3F129090A8F00B9D4DB /* hall ownerTests.xctest */;
			productType = "com.apple.product-type.bundle.unit-test";
		};
		261FC3FA29090A8F00B9D4DB /* hall ownerUITests */ = {
			isa = PBXNativeTarget;
			buildConfigurationList = 261FC40B29090A8F00B9D4DB /* Build configuration list for PBXNativeTarget "hall ownerUITests" */;
			buildPhases = (
				261FC3F729090A8F00B9D4DB /* Sources */,
				261FC3F829090A8F00B9D4DB /* Frameworks */,
				261FC3F929090A8F00B9D4DB /* Resources */,
			);
			buildRules = (
			);
			dependencies = (
				261FC3FD29090A8F00B9D4DB /* PBXTargetDependency */,
			);
			name = "hall ownerUITests";
			productName = "hall ownerUITests";
			productReference = 261FC3FB29090A8F00B9D4DB /* hall ownerUITests.xctest */;
			productType = "com.apple.product-type.bundle.ui-testing";
		};
/* End PBXNativeTarget section */

/* Begin PBXProject section */
		261FC3D929090A8E00B9D4DB /* Project object */ = {
			isa = PBXProject;
			attributes = {
				BuildIndependentTargetsInParallel = 1;
				LastSwiftUpdateCheck = 1400;
				LastUpgradeCheck = 1400;
				TargetAttributes = {
					261FC3E029090A8E00B9D4DB = {
						CreatedOnToolsVersion = 14.0.1;
					};
					261FC3F029090A8F00B9D4DB = {
						CreatedOnToolsVersion = 14.0.1;
						TestTargetID = 261FC3E029090A8E00B9D4DB;
					};
					261FC3FA29090A8F00B9D4DB = {
						CreatedOnToolsVersion = 14.0.1;
						TestTargetID = 261FC3E029090A8E00B9D4DB;
					};
				};
			};
			buildConfigurationList = 261FC3DC29090A8E00B9D4DB /* Build configuration list for PBXProject "hall owner" */;
			compatibilityVersion = "Xcode 14.0";
			developmentRegion = en;
			hasScannedForEncodings = 0;
			knownRegions = (
				en,
				Base,
			);
			mainGroup = 261FC3D829090A8E00B9D4DB;
			productRefGroup = 261FC3E229090A8E00B9D4DB /* Products */;
			projectDirPath = "";
			projectRoot = "";
			targets = (
				261FC3E029090A8E00B9D4DB /* hall owner */,
				261FC3F029090A8F00B9D4DB /* hall ownerTests */,
				261FC3FA29090A8F00B9D4DB /* hall ownerUITests */,
			);
		};
/* End PBXProject section */

/* Begin PBXResourcesBuildPhase section */
		261FC3DF29090A8E00B9D4DB /* Resources */ = {
			isa = PBXResourcesBuildPhase;
			buildActionMask = 2147483647;
			files = (
				261FC3EC29090A8F00B9D4DB /* Preview Assets.xcassets in Resources */,
				261FC3E929090A8F00B9D4DB /* Assets.xcassets in Resources */,
			);
			runOnlyForDeploymentPostprocessing = 0;
		};
		261FC3EF29090A8F00B9D4DB /* Resources */ = {
			isa = PBXResourcesBuildPhase;
			buildActionMask = 2147483647;
			files = (
			);
			runOnlyForDeploymentPostprocessing = 0;
		};
		261FC3F929090A8F00B9D4DB /* Resources */ = {
			isa = PBXResourcesBuildPhase;
			buildActionMask = 2147483647;
			files = (
			);
			runOnlyForDeploymentPostprocessing = 0;
		};
/* End PBXResourcesBuildPhase section */

/* Begin PBXSourcesBuildPhase section */
		261FC3DD29090A8E00B9D4DB /* Sources */ = {
			isa = PBXSourcesBuildPhase;
			buildActionMask = 2147483647;
			files = (
				261FC44529091F2B00B9D4DB /* Tab.swift in Sources */,
				261FC3E729090A8E00B9D4DB /* ContentView.swift in Sources */,
				26B84CD7290A566500A6B503 /* Edit my hall.swift in Sources */,
				261FC3E529090A8E00B9D4DB /* hall_ownerApp.swift in Sources */,
			);
			runOnlyForDeploymentPostprocessing = 0;
		};
		261FC3ED29090A8F00B9D4DB /* Sources */ = {
			isa = PBXSourcesBuildPhase;
			buildActionMask = 2147483647;
			files = (
				261FC3F629090A8F00B9D4DB /* hall_ownerTests.swift in Sources */,
			);
			runOnlyForDeploymentPostprocessing = 0;
		};
		261FC3F729090A8F00B9D4DB /* Sources */ = {
			isa = PBXSourcesBuildPhase;
			buildActionMask = 2147483647;
			files = (
				261FC40029090A8F00B9D4DB /* hall_ownerUITests.swift in Sources */,
				261FC40229090A8F00B9D4DB /* hall_ownerUITestsLaunchTests.swift in Sources */,
			);
			runOnlyForDeploymentPostprocessing = 0;
		};
/* End PBXSourcesBuildPhase section */

/* Begin PBXTargetDependency section */
		261FC3F329090A8F00B9D4DB /* PBXTargetDependency */ = {
			isa = PBXTargetDependency;
			target = 261FC3E029090A8E00B9D4DB /* hall owner */;
			targetProxy = 261FC3F229090A8F00B9D4DB /* PBXContainerItemProxy */;
		};
		261FC3FD29090A8F00B9D4DB /* PBXTargetDependency */ = {
			isa = PBXTargetDependency;
			target = 261FC3E029090A8E00B9D4DB /* hall owner */;
			targetProxy = 261FC3FC29090A8F00B9D4DB /* PBXContainerItemProxy */;
		};
/* End PBXTargetDependency section */

/* Begin XCBuildConfiguration section */
		261FC40329090A8F00B9D4DB /* Debug */ = {
			isa = XCBuildConfiguration;
			buildSettings = {
				ALWAYS_SEARCH_USER_PATHS = NO;
				CLANG_ANALYZER_NONNULL = YES;
				CLANG_ANALYZER_NUMBER_OBJECT_CONVERSION = YES_AGGRESSIVE;
				CLANG_CXX_LANGUAGE_STANDARD = "gnu++20";
				CLANG_ENABLE_MODULES = YES;
				CLANG_ENABLE_OBJC_ARC = YES;
				CLANG_ENABLE_OBJC_WEAK = YES;
				CLANG_WARN_BLOCK_CAPTURE_AUTORELEASING = YES;
				CLANG_WARN_BOOL_CONVERSION = YES;
				CLANG_WARN_COMMA = YES;
				CLANG_WARN_CONSTANT_CONVERSION = YES;
				CLANG_WARN_DEPRECATED_OBJC_IMPLEMENTATIONS = YES;
				CLANG_WARN_DIRECT_OBJC_ISA_USAGE = YES_ERROR;
				CLANG_WARN_DOCUMENTATION_COMMENTS = YES;
				CLANG_WARN_EMPTY_BODY = YES;
				CLANG_WARN_ENUM_CONVERSION = YES;
				CLANG_WARN_INFINITE_RECURSION = YES;
				CLANG_WARN_INT_CONVERSION = YES;
				CLANG_WARN_NON_LITERAL_NULL_CONVERSION = YES;
				CLANG_WARN_OBJC_IMPLICIT_RETAIN_SELF = YES;
				CLANG_WARN_OBJC_LITERAL_CONVERSION = YES;
				CLANG_WARN_OBJC_ROOT_CLASS = YES_ERROR;
				CLANG_WARN_QUOTED_INCLUDE_IN_FRAMEWORK_HEADER = YES;
				CLANG_WARN_RANGE_LOOP_ANALYSIS = YES;
				CLANG_WARN_STRICT_PROTOTYPES = YES;
				CLANG_WARN_SUSPICIOUS_MOVE = YES;
				CLANG_WARN_UNGUARDED_AVAILABILITY = YES_AGGRESSIVE;
				CLANG_WARN_UNREACHABLE_CODE = YES;
				CLANG_WARN__DUPLICATE_METHOD_MATCH = YES;
				COPY_PHASE_STRIP = NO;
				DEBUG_INFORMATION_FORMAT = dwarf;
				ENABLE_STRICT_OBJC_MSGSEND = YES;
				ENABLE_TESTABILITY = YES;
				GCC_C_LANGUAGE_STANDARD = gnu11;
				GCC_DYNAMIC_NO_PIC = NO;
				GCC_NO_COMMON_BLOCKS = YES;
				GCC_OPTIMIZATION_LEVEL = 0;
				GCC_PREPROCESSOR_DEFINITIONS = (
					"DEBUG=1",
					"$(inherited)",
				);
				GCC_WARN_64_TO_32_BIT_CONVERSION = YES;
				GCC_WARN_ABOUT_RETURN_TYPE = YES_ERROR;
				GCC_WARN_UNDECLARED_SELECTOR = YES;
				GCC_WARN_UNINITIALIZED_AUTOS = YES_AGGRESSIVE;
				GCC_WARN_UNUSED_FUNCTION = YES;
				GCC_WARN_UNUSED_VARIABLE = YES;
				IPHONEOS_DEPLOYMENT_TARGET = 16.0;
				MTL_ENABLE_DEBUG_INFO = INCLUDE_SOURCE;
				MTL_FAST_MATH = YES;
				ONLY_ACTIVE_ARCH = YES;
				SDKROOT = iphoneos;
				SWIFT_ACTIVE_COMPILATION_CONDITIONS = DEBUG;
				SWIFT_OPTIMIZATION_LEVEL = "-Onone";
			};
			name = Debug;
		};
		261FC40429090A8F00B9D4DB /* Release */ = {
			isa = XCBuildConfiguration;
			buildSettings = {
				ALWAYS_SEARCH_USER_PATHS = NO;
				CLANG_ANALYZER_NONNULL = YES;
				CLANG_ANALYZER_NUMBER_OBJECT_CONVERSION = YES_AGGRESSIVE;
				CLANG_CXX_LANGUAGE_STANDARD = "gnu++20";
				CLANG_ENABLE_MODULES = YES;
				CLANG_ENABLE_OBJC_ARC = YES;
				CLANG_ENABLE_OBJC_WEAK = YES;
				CLANG_WARN_BLOCK_CAPTURE_AUTORELEASING = YES;
				CLANG_WARN_BOOL_CONVERSION = YES;
				CLANG_WARN_COMMA = YES;
				CLANG_WARN_CONSTANT_CONVERSION = YES;
				CLANG_WARN_DEPRECATED_OBJC_IMPLEMENTATIONS = YES;
				CLANG_WARN_DIRECT_OBJC_ISA_USAGE = YES_ERROR;
				CLANG_WARN_DOCUMENTATION_COMMENTS = YES;
				CLANG_WARN_EMPTY_BODY = YES;
				CLANG_WARN_ENUM_CONVERSION = YES;
				CLANG_WARN_INFINITE_RECURSION = YES;
				CLANG_WARN_INT_CONVERSION = YES;
				CLANG_WARN_NON_LITERAL_NULL_CONVERSION = YES;
				CLANG_WARN_OBJC_IMPLICIT_RETAIN_SELF = YES;
				CLANG_WARN_OBJC_LITERAL_CONVERSION = YES;
				CLANG_WARN_OBJC_ROOT_CLASS = YES_ERROR;
				CLANG_WARN_QUOTED_INCLUDE_IN_FRAMEWORK_HEADER = YES;
				CLANG_WARN_RANGE_LOOP_ANALYSIS = YES;
				CLANG_WARN_STRICT_PROTOTYPES = YES;
				CLANG_WARN_SUSPICIOUS_MOVE = YES;
				CLANG_WARN_UNGUARDED_AVAILABILITY = YES_AGGRESSIVE;
				CLANG_WARN_UNREACHABLE_CODE = YES;
				CLANG_WARN__DUPLICATE_METHOD_MATCH = YES;
				COPY_PHASE_STRIP = NO;
				DEBUG_INFORMATION_FORMAT = "dwarf-with-dsym";
				ENABLE_NS_ASSERTIONS = NO;
				ENABLE_STRICT_OBJC_MSGSEND = YES;
				GCC_C_LANGUAGE_STANDARD = gnu11;
				GCC_NO_COMMON_BLOCKS = YES;
				GCC_WARN_64_TO_32_BIT_CONVERSION = YES;
				GCC_WARN_ABOUT_RETURN_TYPE = YES_ERROR;
				GCC_WARN_UNDECLARED_SELECTOR = YES;
				GCC_WARN_UNINITIALIZED_AUTOS = YES_AGGRESSIVE;
				GCC_WARN_UNUSED_FUNCTION = YES;
				GCC_WARN_UNUSED_VARIABLE = YES;
				IPHONEOS_DEPLOYMENT_TARGET = 16.0;
				MTL_ENABLE_DEBUG_INFO = NO;
				MTL_FAST_MATH = YES;
				SDKROOT = iphoneos;
				SWIFT_COMPILATION_MODE = wholemodule;
				SWIFT_OPTIMIZATION_LEVEL = "-O";
				VALIDATE_PRODUCT = YES;
			};
			name = Release;
		};
		261FC40629090A8F00B9D4DB /* Debug */ = {
			isa = XCBuildConfiguration;
			buildSettings = {
				ASSETCATALOG_COMPILER_APPICON_NAME = AppIcon;
				ASSETCATALOG_COMPILER_GLOBAL_ACCENT_COLOR_NAME = AccentColor;
				CODE_SIGN_STYLE = Automatic;
				CURRENT_PROJECT_VERSION = 1;
				DEVELOPMENT_ASSET_PATHS = "\"hall owner/Preview Content\"";
				ENABLE_PREVIEWS = YES;
				GENERATE_INFOPLIST_FILE = YES;
				INFOPLIST_KEY_UIApplicationSceneManifest_Generation = YES;
				INFOPLIST_KEY_UIApplicationSupportsIndirectInputEvents = YES;
				INFOPLIST_KEY_UILaunchScreen_Generation = YES;
				INFOPLIST_KEY_UISupportedInterfaceOrientations_iPad = "UIInterfaceOrientationPortrait UIInterfaceOrientationPortraitUpsideDown UIInterfaceOrientationLandscapeLeft UIInterfaceOrientationLandscapeRight";
				INFOPLIST_KEY_UISupportedInterfaceOrientations_iPhone = "UIInterfaceOrientationPortrait UIInterfaceOrientationLandscapeLeft UIInterfaceOrientationLandscapeRight";
				LD_RUNPATH_SEARCH_PATHS = (
					"$(inherited)",
					"@executable_path/Frameworks",
				);
				MARKETING_VERSION = 1.0;
				PRODUCT_BUNDLE_IDENTIFIER = "twq.hall-owner";
				PRODUCT_NAME = "$(TARGET_NAME)";
				SWIFT_EMIT_LOC_STRINGS = YES;
				SWIFT_VERSION = 5.0;
				TARGETED_DEVICE_FAMILY = "1,2";
			};
			name = Debug;
		};
		261FC40729090A8F00B9D4DB /* Release */ = {
			isa = XCBuildConfiguration;
			buildSettings = {
				ASSETCATALOG_COMPILER_APPICON_NAME = AppIcon;
				ASSETCATALOG_COMPILER_GLOBAL_ACCENT_COLOR_NAME = AccentColor;
				CODE_SIGN_STYLE = Automatic;
				CURRENT_PROJECT_VERSION = 1;
				DEVELOPMENT_ASSET_PATHS = "\"hall owner/Preview Content\"";
				ENABLE_PREVIEWS = YES;
				GENERATE_INFOPLIST_FILE = YES;
				INFOPLIST_KEY_UIApplicationSceneManifest_Generation = YES;
				INFOPLIST_KEY_UIApplicationSupportsIndirectInputEvents = YES;
				INFOPLIST_KEY_UILaunchScreen_Generation = YES;
				INFOPLIST_KEY_UISupportedInterfaceOrientations_iPad = "UIInterfaceOrientationPortrait UIInterfaceOrientationPortraitUpsideDown UIInterfaceOrientationLandscapeLeft UIInterfaceOrientationLandscapeRight";
				INFOPLIST_KEY_UISupportedInterfaceOrientations_iPhone = "UIInterfaceOrientationPortrait UIInterfaceOrientationLandscapeLeft UIInterfaceOrientationLandscapeRight";
				LD_RUNPATH_SEARCH_PATHS = (
					"$(inherited)",
					"@executable_path/Frameworks",
				);
				MARKETING_VERSION = 1.0;
				PRODUCT_BUNDLE_IDENTIFIER = "twq.hall-owner";
				PRODUCT_NAME = "$(TARGET_NAME)";
				SWIFT_EMIT_LOC_STRINGS = YES;
				SWIFT_VERSION = 5.0;
				TARGETED_DEVICE_FAMILY = "1,2";
			};
			name = Release;
		};
		261FC40929090A8F00B9D4DB /* Debug */ = {
			isa = XCBuildConfiguration;
			buildSettings = {
				ALWAYS_EMBED_SWIFT_STANDARD_LIBRARIES = YES;
				BUNDLE_LOADER = "$(TEST_HOST)";
				CODE_SIGN_STYLE = Automatic;
				CURRENT_PROJECT_VERSION = 1;
				GENERATE_INFOPLIST_FILE = YES;
				IPHONEOS_DEPLOYMENT_TARGET = 16.0;
				MARKETING_VERSION = 1.0;
				PRODUCT_BUNDLE_IDENTIFIER = "twq.hall-ownerTests";
				PRODUCT_NAME = "$(TARGET_NAME)";
				SWIFT_EMIT_LOC_STRINGS = NO;
				SWIFT_VERSION = 5.0;
				TARGETED_DEVICE_FAMILY = "1,2";
				TEST_HOST = "$(BUILT_PRODUCTS_DIR)/hall owner.app/$(BUNDLE_EXECUTABLE_FOLDER_PATH)/hall owner";
			};
			name = Debug;
		};
		261FC40A29090A8F00B9D4DB /* Release */ = {
			isa = XCBuildConfiguration;
			buildSettings = {
				ALWAYS_EMBED_SWIFT_STANDARD_LIBRARIES = YES;
				BUNDLE_LOADER = "$(TEST_HOST)";
				CODE_SIGN_STYLE = Automatic;
				CURRENT_PROJECT_VERSION = 1;
				GENERATE_INFOPLIST_FILE = YES;
				IPHONEOS_DEPLOYMENT_TARGET = 16.0;
				MARKETING_VERSION = 1.0;
				PRODUCT_BUNDLE_IDENTIFIER = "twq.hall-ownerTests";
				PRODUCT_NAME = "$(TARGET_NAME)";
				SWIFT_EMIT_LOC_STRINGS = NO;
				SWIFT_VERSION = 5.0;
				TARGETED_DEVICE_FAMILY = "1,2";
				TEST_HOST = "$(BUILT_PRODUCTS_DIR)/hall owner.app/$(BUNDLE_EXECUTABLE_FOLDER_PATH)/hall owner";
			};
			name = Release;
		};
		261FC40C29090A8F00B9D4DB /* Debug */ = {
			isa = XCBuildConfiguration;
			buildSettings = {
				ALWAYS_EMBED_SWIFT_STANDARD_LIBRARIES = YES;
				CODE_SIGN_STYLE = Automatic;
				CURRENT_PROJECT_VERSION = 1;
				GENERATE_INFOPLIST_FILE = YES;
				MARKETING_VERSION = 1.0;
				PRODUCT_BUNDLE_IDENTIFIER = "twq.hall-ownerUITests";
				PRODUCT_NAME = "$(TARGET_NAME)";
				SWIFT_EMIT_LOC_STRINGS = NO;
				SWIFT_VERSION = 5.0;
				TARGETED_DEVICE_FAMILY = "1,2";
				TEST_TARGET_NAME = "hall owner";
			};
			name = Debug;
		};
		261FC40D29090A8F00B9D4DB /* Release */ = {
			isa = XCBuildConfiguration;
			buildSettings = {
				ALWAYS_EMBED_SWIFT_STANDARD_LIBRARIES = YES;
				CODE_SIGN_STYLE = Automatic;
				CURRENT_PROJECT_VERSION = 1;
				GENERATE_INFOPLIST_FILE = YES;
				MARKETING_VERSION = 1.0;
				PRODUCT_BUNDLE_IDENTIFIER = "twq.hall-ownerUITests";
				PRODUCT_NAME = "$(TARGET_NAME)";
				SWIFT_EMIT_LOC_STRINGS = NO;
				SWIFT_VERSION = 5.0;
				TARGETED_DEVICE_FAMILY = "1,2";
				TEST_TARGET_NAME = "hall owner";
			};
			name = Release;
		};
/* End XCBuildConfiguration section */

/* Begin XCConfigurationList section */
		261FC3DC29090A8E00B9D4DB /* Build configuration list for PBXProject "hall owner" */ = {
			isa = XCConfigurationList;
			buildConfigurations = (
				261FC40329090A8F00B9D4DB /* Debug */,
				261FC40429090A8F00B9D4DB /* Release */,
			);
			defaultConfigurationIsVisible = 0;
			defaultConfigurationName = Release;
		};
		261FC40529090A8F00B9D4DB /* Build configuration list for PBXNativeTarget "hall owner" */ = {
			isa = XCConfigurationList;
			buildConfigurations = (
				261FC40629090A8F00B9D4DB /* Debug */,
				261FC40729090A8F00B9D4DB /* Release */,
			);
			defaultConfigurationIsVisible = 0;
			defaultConfigurationName = Release;
		};
		261FC40829090A8F00B9D4DB /* Build configuration list for PBXNativeTarget "hall ownerTests" */ = {
			isa = XCConfigurationList;
			buildConfigurations = (
				261FC40929090A8F00B9D4DB /* Debug */,
				261FC40A29090A8F00B9D4DB /* Release */,
			);
			defaultConfigurationIsVisible = 0;
			defaultConfigurationName = Release;
		};
		261FC40B29090A8F00B9D4DB /* Build configuration list for PBXNativeTarget "hall ownerUITests" */ = {
			isa = XCConfigurationList;
			buildConfigurations = (
				261FC40C29090A8F00B9D4DB /* Debug */,
				261FC40D29090A8F00B9D4DB /* Release */,
			);
			defaultConfigurationIsVisible = 0;
			defaultConfigurationName = Release;
		};
/* End XCConfigurationList section */
	};
	rootObject = 261FC3D929090A8E00B9D4DB /* Project object */;
}
